
Microsoft Visual Studio Solution File, Format Version 12.00
# Visual Studio Version 17
VisualStudioVersion = 17.11.35303.130
MinimumVisualStudioVersion = 10.0.40219.1
Project("{FAE04EC0-301F-11D3-BF4B-00C04F79EFBC}") = "Quanli", "Quanli\Quanli.csproj", "{0E547CA2-78EA-4A57-991B-47CABE1702DB}"
EndProject
Global
	GlobalSection(SolutionConfigurationPlatforms) = preSolution
		Debug|Any CPU = Debug|Any CPU
		Release|Any CPU = Release|Any CPU
	EndGlobalSection
	GlobalSection(ProjectConfigurationPlatforms) = postSolution
		{0E547CA2-78EA-4A57-991B-47CABE1702DB}.Debug|Any CPU.ActiveCfg = Debug|Any CPU
		{0E547CA2-78EA-4A57-991B-47CABE1702DB}.Debug|Any CPU.Build.0 = Debug|Any CPU
		{0E547CA2-78EA-4A57-991B-47CABE1702DB}.Release|Any CPU.ActiveCfg = Release|Any CPU
		{0E547CA2-78EA-4A57-991B-47CABE1702DB}.Release|Any CPU.Build.0 = Release|Any CPU
	EndGlobalSection
	GlobalSection(SolutionProperties) = preSolution
		HideSolutionNode = FALSE
	EndGlobalSection
	GlobalSection(ExtensibilityGlobals) = postSolution
		SolutionGuid = {FB0D719B-64AB-4153-9C70-2CD69E593DAA}
	EndGlobalSection
EndGlobal
